<?xml version="1.0" encoding="utf-8"?>
<Project ToolsVersion="4.0" xmlns="http://schemas.microsoft.com/developer/msbuild/2003">
  <ItemGroup>
    <ClCompile Include="generator.c" />
  </ItemGroup>
  <ItemGroup>
    <Text Include="codemask_commented.txt" />
    <Text Include="codemask_obfuscated.txt" />
  </ItemGroup>
</Project>